<?xml version="1.0" encoding="UTF-8"?>
<!DOCTYPE plist PUBLIC "-//Apple//DTD PLIST 1.0//EN" "http://www.apple.com/DTDs/PropertyList-1.0.dtd">
<plist version="1.0">
<dict>
	<key>archiveVersion</key>
	<string>1</string>
	<key>classes</key>
	<dict/>
	<key>objectVersion</key>
	<string>46</string>
	<key>objects</key>
	<dict>
		<key>E70D565A1CC8F58600348D97</key>
		<dict>
			<key>fileEncoding</key>
			<string>4</string>
			<key>isa</key>
			<string>PBXFileReference</string>
			<key>lastKnownFileType</key>
			<string>sourcecode.c.h</string>
			<key>path</key>
			<string>SBSCall.h</string>
			<key>sourceTree</key>
			<string>&lt;group&gt;</string>
		</dict>
		<key>E70D565B1CC8F58600348D97</key>
		<dict>
			<key>fileEncoding</key>
			<string>4</string>
			<key>isa</key>
			<string>PBXFileReference</string>
			<key>lastKnownFileType</key>
			<string>sourcecode.cpp.objcpp</string>
			<key>path</key>
			<string>SBSCall.mm</string>
			<key>sourceTree</key>
			<string>&lt;group&gt;</string>
		</dict>
		<key>E70D565C1CC8F58600348D97</key>
		<dict>
			<key>fileRef</key>
			<string>E70D565B1CC8F58600348D97</string>
			<key>isa</key>
			<string>PBXBuildFile</string>
		</dict>
		<key>E70D565D1CC8F9F100348D97</key>
		<dict>
			<key>fileEncoding</key>
			<string>4</string>
			<key>isa</key>
			<string>PBXFileReference</string>
			<key>lastKnownFileType</key>
			<string>sourcecode.cpp.h</string>
			<key>path</key>
			<string>SBSCall+Internal.hpp</string>
			<key>sourceTree</key>
			<string>&lt;group&gt;</string>
		</dict>
		<key>E70D56601CC8FF3200348D97</key>
		<dict>
			<key>isa</key>
			<string>PBXFileReference</string>
			<key>lastKnownFileType</key>
			<string>sourcecode.c.h</string>
			<key>path</key>
			<string>SBSConstants.h</string>
			<key>sourceTree</key>
			<string>&lt;group&gt;</string>
		</dict>
		<key>E78E56F81CC7B50900FDA80D</key>
		<dict>
			<key>children</key>
			<array>
				<string>E78E57021CC7B50900FDA80D</string>
				<string>E78E57031CC7B50900FDA80D</string>
				<string>E7CDED1F1CC81B200007C4E5</string>
				<string>E7CDED211CC81B230007C4E5</string>
				<string>E7CDED1D1CC81AF90007C4E5</string>
				<string>E7CDED051CC810110007C4E5</string>
			</array>
			<key>isa</key>
			<string>PBXGroup</string>
			<key>sourceTree</key>
			<string>&lt;group&gt;</string>
		</dict>
		<key>E78E56F91CC7B50900FDA80D</key>
		<dict>
			<key>attributes</key>
			<dict>
				<key>LastUpgradeCheck</key>
				<string>0730</string>
				<key>ORGANIZATIONNAME</key>
				<string>Sipper</string>
				<key>TargetAttributes</key>
				<dict>
					<key>E78E57001CC7B50900FDA80D</key>
					<dict>
						<key>CreatedOnToolsVersion</key>
						<string>7.3</string>
					</dict>
					<key>E7CDED2B1CC8229B0007C4E5</key>
					<dict>
						<key>CreatedOnToolsVersion</key>
						<string>7.3</string>
					</dict>
				</dict>
			</dict>
			<key>buildConfigurationList</key>
			<string>E78E56FC1CC7B50900FDA80D</string>
			<key>compatibilityVersion</key>
			<string>Xcode 3.2</string>
			<key>developmentRegion</key>
			<string>English</string>
			<key>hasScannedForEncodings</key>
			<string>0</string>
			<key>isa</key>
			<string>PBXProject</string>
			<key>knownRegions</key>
			<array>
				<string>en</string>
			</array>
			<key>mainGroup</key>
			<string>E78E56F81CC7B50900FDA80D</string>
			<key>productRefGroup</key>
			<string>E78E57021CC7B50900FDA80D</string>
			<key>projectDirPath</key>
			<string></string>
			<key>projectReferences</key>
			<array/>
			<key>projectRoot</key>
			<string></string>
			<key>targets</key>
			<array>
				<string>E78E57001CC7B50900FDA80D</string>
				<string>E7CDED2B1CC8229B0007C4E5</string>
			</array>
		</dict>
		<key>E78E56FC1CC7B50900FDA80D</key>
		<dict>
			<key>buildConfigurations</key>
			<array>
				<string>E78E57081CC7B50900FDA80D</string>
				<string>E78E57091CC7B50900FDA80D</string>
			</array>
			<key>defaultConfigurationIsVisible</key>
			<string>0</string>
			<key>defaultConfigurationName</key>
			<string>Release</string>
			<key>isa</key>
			<string>XCConfigurationList</string>
		</dict>
		<key>E78E56FD1CC7B50900FDA80D</key>
		<dict>
			<key>buildActionMask</key>
			<string>2147483647</string>
			<key>files</key>
			<array>
				<string>E70D565C1CC8F58600348D97</string>
				<string>E78E58851CC7B99700FDA80D</string>
				<string>E78E588B1CC7BC1700FDA80D</string>
				<string>E78E586E1CC7B62300FDA80D</string>
				<string>E78E58881CC7BACA00FDA80D</string>
				<string>E78E588F1CC7C07500FDA80D</string>
				<string>E79D73D81CC9953800400F86</string>
				<string>E78E58921CC7C97000FDA80D</string>
				<string>E7CDED161CC815730007C4E5</string>
				<string>E79D73D51CC993B300400F86</string>
			</array>
			<key>isa</key>
			<string>PBXSourcesBuildPhase</string>
			<key>runOnlyForDeploymentPostprocessing</key>
			<string>0</string>
		</dict>
		<key>E78E56FE1CC7B50900FDA80D</key>
		<dict>
			<key>buildActionMask</key>
			<string>2147483647</string>
			<key>files</key>
			<array>
				<string>E7CDED221CC81B230007C4E5</string>
				<string>E7CDED201CC81B200007C4E5</string>
				<string>E7CDED1E1CC81AF90007C4E5</string>
				<string>E7CDED061CC810110007C4E5</string>
			</array>
			<key>isa</key>
			<string>PBXFrameworksBuildPhase</string>
			<key>runOnlyForDeploymentPostprocessing</key>
			<string>0</string>
		</dict>
		<key>E78E56FF1CC7B50900FDA80D</key>
		<dict>
			<key>buildActionMask</key>
			<string>2147483647</string>
			<key>dstPath</key>
			<string>include/$(PRODUCT_NAME)</string>
			<key>dstSubfolderSpec</key>
			<string>16</string>
			<key>files</key>
			<array>
				<string>E78E57051CC7B50900FDA80D</string>
			</array>
			<key>isa</key>
			<string>PBXCopyFilesBuildPhase</string>
			<key>runOnlyForDeploymentPostprocessing</key>
			<string>0</string>
		</dict>
		<key>E78E57001CC7B50900FDA80D</key>
		<dict>
			<key>buildConfigurationList</key>
			<string>E78E570A1CC7B50900FDA80D</string>
			<key>buildPhases</key>
			<array>
				<string>E7B0A7181CC8634D00E93EB1</string>
				<string>E78E56FD1CC7B50900FDA80D</string>
				<string>E78E56FE1CC7B50900FDA80D</string>
				<string>E78E56FF1CC7B50900FDA80D</string>
			</array>
			<key>buildRules</key>
			<array/>
			<key>dependencies</key>
			<array/>
			<key>isa</key>
			<string>PBXNativeTarget</string>
			<key>name</key>
			<string>Sipper</string>
			<key>productName</key>
			<string>Sipper</string>
			<key>productReference</key>
			<string>E78E57011CC7B50900FDA80D</string>
			<key>productType</key>
			<string>com.apple.product-type.library.static</string>
		</dict>
		<key>E78E57011CC7B50900FDA80D</key>
		<dict>
			<key>explicitFileType</key>
			<string>archive.ar</string>
			<key>includeInIndex</key>
			<string>0</string>
			<key>isa</key>
			<string>PBXFileReference</string>
			<key>path</key>
			<string>libSipper.a</string>
			<key>sourceTree</key>
			<string>BUILT_PRODUCTS_DIR</string>
		</dict>
		<key>E78E57021CC7B50900FDA80D</key>
		<dict>
			<key>children</key>
			<array>
				<string>E78E57011CC7B50900FDA80D</string>
			</array>
			<key>isa</key>
			<string>PBXGroup</string>
			<key>name</key>
			<string>Products</string>
			<key>sourceTree</key>
			<string>&lt;group&gt;</string>
		</dict>
		<key>E78E57031CC7B50900FDA80D</key>
		<dict>
			<key>children</key>
			<array>
				<string>E78E588C1CC7C06000FDA80D</string>
				<string>E78E58821CC7B98300FDA80D</string>
				<string>E79D73D21CC9939D00400F86</string>
				<string>E78E586F1CC7B63200FDA80D</string>
				<string>E78E586D1CC7B62300FDA80D</string>
				<string>E70D565D1CC8F9F100348D97</string>
				<string>E70D565A1CC8F58600348D97</string>
				<string>E70D565B1CC8F58600348D97</string>
				<string>E70D56601CC8FF3200348D97</string>
				<string>E7CDED141CC815730007C4E5</string>
				<string>E7CDED151CC815730007C4E5</string>
				<string>E78E57041CC7B50900FDA80D</string>
			</array>
			<key>isa</key>
			<string>PBXGroup</string>
			<key>path</key>
			<string>Sipper</string>
			<key>sourceTree</key>
			<string>&lt;group&gt;</string>
		</dict>
		<key>E78E57041CC7B50900FDA80D</key>
		<dict>
			<key>isa</key>
			<string>PBXFileReference</string>
			<key>lastKnownFileType</key>
			<string>sourcecode.c.h</string>
			<key>path</key>
			<string>Sipper.h</string>
			<key>sourceTree</key>
			<string>&lt;group&gt;</string>
		</dict>
		<key>E78E57051CC7B50900FDA80D</key>
		<dict>
			<key>fileRef</key>
			<string>E78E57041CC7B50900FDA80D</string>
			<key>isa</key>
			<string>PBXBuildFile</string>
		</dict>
		<key>E78E57081CC7B50900FDA80D</key>
		<dict>
			<key>buildSettings</key>
			<dict>
				<key>ALWAYS_SEARCH_USER_PATHS</key>
				<string>NO</string>
				<key>CLANG_ANALYZER_NONNULL</key>
				<string>YES</string>
				<key>CLANG_CXX_LANGUAGE_STANDARD</key>
				<string>gnu++0x</string>
				<key>CLANG_CXX_LIBRARY</key>
				<string>libc++</string>
				<key>CLANG_ENABLE_MODULES</key>
				<string>YES</string>
				<key>CLANG_ENABLE_OBJC_ARC</key>
				<string>YES</string>
				<key>CLANG_WARN_BOOL_CONVERSION</key>
				<string>YES</string>
				<key>CLANG_WARN_CONSTANT_CONVERSION</key>
				<string>YES</string>
				<key>CLANG_WARN_DIRECT_OBJC_ISA_USAGE</key>
				<string>YES_ERROR</string>
				<key>CLANG_WARN_EMPTY_BODY</key>
				<string>YES</string>
				<key>CLANG_WARN_ENUM_CONVERSION</key>
				<string>YES</string>
				<key>CLANG_WARN_INT_CONVERSION</key>
				<string>YES</string>
				<key>CLANG_WARN_OBJC_ROOT_CLASS</key>
				<string>YES_ERROR</string>
				<key>CLANG_WARN_UNREACHABLE_CODE</key>
				<string>YES</string>
				<key>CLANG_WARN__DUPLICATE_METHOD_MATCH</key>
				<string>YES</string>
				<key>CODE_SIGN_IDENTITY[sdk=iphoneos*]</key>
				<string>iPhone Developer</string>
				<key>COPY_PHASE_STRIP</key>
				<string>NO</string>
				<key>DEBUG_INFORMATION_FORMAT</key>
				<string>dwarf</string>
				<key>ENABLE_STRICT_OBJC_MSGSEND</key>
				<string>YES</string>
				<key>ENABLE_TESTABILITY</key>
				<string>YES</string>
				<key>GCC_C_LANGUAGE_STANDARD</key>
				<string>gnu99</string>
				<key>GCC_DYNAMIC_NO_PIC</key>
				<string>NO</string>
				<key>GCC_NO_COMMON_BLOCKS</key>
				<string>YES</string>
				<key>GCC_OPTIMIZATION_LEVEL</key>
				<string>0</string>
				<key>GCC_PREPROCESSOR_DEFINITIONS</key>
				<array>
					<string>DEBUG=1</string>
					<string>$(inherited)</string>
				</array>
				<key>GCC_WARN_64_TO_32_BIT_CONVERSION</key>
				<string>YES</string>
				<key>GCC_WARN_ABOUT_RETURN_TYPE</key>
				<string>YES_ERROR</string>
				<key>GCC_WARN_UNDECLARED_SELECTOR</key>
				<string>YES</string>
				<key>GCC_WARN_UNINITIALIZED_AUTOS</key>
				<string>YES_AGGRESSIVE</string>
				<key>GCC_WARN_UNUSED_FUNCTION</key>
				<string>YES</string>
				<key>GCC_WARN_UNUSED_VARIABLE</key>
				<string>YES</string>
				<key>IPHONEOS_DEPLOYMENT_TARGET</key>
				<string>9.3</string>
				<key>MTL_ENABLE_DEBUG_INFO</key>
				<string>YES</string>
				<key>ONLY_ACTIVE_ARCH</key>
				<string>YES</string>
				<key>SDKROOT</key>
				<string>iphoneos</string>
			</dict>
			<key>isa</key>
			<string>XCBuildConfiguration</string>
			<key>name</key>
			<string>Debug</string>
		</dict>
		<key>E78E57091CC7B50900FDA80D</key>
		<dict>
			<key>buildSettings</key>
			<dict>
				<key>ALWAYS_SEARCH_USER_PATHS</key>
				<string>NO</string>
				<key>CLANG_ANALYZER_NONNULL</key>
				<string>YES</string>
				<key>CLANG_CXX_LANGUAGE_STANDARD</key>
				<string>gnu++0x</string>
				<key>CLANG_CXX_LIBRARY</key>
				<string>libc++</string>
				<key>CLANG_ENABLE_MODULES</key>
				<string>YES</string>
				<key>CLANG_ENABLE_OBJC_ARC</key>
				<string>YES</string>
				<key>CLANG_WARN_BOOL_CONVERSION</key>
				<string>YES</string>
				<key>CLANG_WARN_CONSTANT_CONVERSION</key>
				<string>YES</string>
				<key>CLANG_WARN_DIRECT_OBJC_ISA_USAGE</key>
				<string>YES_ERROR</string>
				<key>CLANG_WARN_EMPTY_BODY</key>
				<string>YES</string>
				<key>CLANG_WARN_ENUM_CONVERSION</key>
				<string>YES</string>
				<key>CLANG_WARN_INT_CONVERSION</key>
				<string>YES</string>
				<key>CLANG_WARN_OBJC_ROOT_CLASS</key>
				<string>YES_ERROR</string>
				<key>CLANG_WARN_UNREACHABLE_CODE</key>
				<string>YES</string>
				<key>CLANG_WARN__DUPLICATE_METHOD_MATCH</key>
				<string>YES</string>
				<key>CODE_SIGN_IDENTITY[sdk=iphoneos*]</key>
				<string>iPhone Developer</string>
				<key>COPY_PHASE_STRIP</key>
				<string>NO</string>
				<key>DEBUG_INFORMATION_FORMAT</key>
				<string>dwarf-with-dsym</string>
				<key>ENABLE_NS_ASSERTIONS</key>
				<string>NO</string>
				<key>ENABLE_STRICT_OBJC_MSGSEND</key>
				<string>YES</string>
				<key>GCC_C_LANGUAGE_STANDARD</key>
				<string>gnu99</string>
				<key>GCC_NO_COMMON_BLOCKS</key>
				<string>YES</string>
				<key>GCC_WARN_64_TO_32_BIT_CONVERSION</key>
				<string>YES</string>
				<key>GCC_WARN_ABOUT_RETURN_TYPE</key>
				<string>YES_ERROR</string>
				<key>GCC_WARN_UNDECLARED_SELECTOR</key>
				<string>YES</string>
				<key>GCC_WARN_UNINITIALIZED_AUTOS</key>
				<string>YES_AGGRESSIVE</string>
				<key>GCC_WARN_UNUSED_FUNCTION</key>
				<string>YES</string>
				<key>GCC_WARN_UNUSED_VARIABLE</key>
				<string>YES</string>
				<key>IPHONEOS_DEPLOYMENT_TARGET</key>
				<string>9.3</string>
				<key>MTL_ENABLE_DEBUG_INFO</key>
				<string>NO</string>
				<key>SDKROOT</key>
				<string>iphoneos</string>
				<key>VALIDATE_PRODUCT</key>
				<string>YES</string>
			</dict>
			<key>isa</key>
			<string>XCBuildConfiguration</string>
			<key>name</key>
			<string>Release</string>
		</dict>
		<key>E78E570A1CC7B50900FDA80D</key>
		<dict>
			<key>buildConfigurations</key>
			<array>
				<string>E78E570B1CC7B50900FDA80D</string>
				<string>E78E570C1CC7B50900FDA80D</string>
			</array>
			<key>defaultConfigurationIsVisible</key>
			<string>0</string>
			<key>defaultConfigurationName</key>
			<string>Release</string>
			<key>isa</key>
			<string>XCConfigurationList</string>
		</dict>
		<key>E78E570B1CC7B50900FDA80D</key>
		<dict>
			<key>buildSettings</key>
			<dict>
				<key>GCC_PREPROCESSOR_DEFINITIONS</key>
				<array>
					<string>PJ_AUTOCONF=1</string>
					<string>DEBUG=1</string>
				</array>
				<key>HEADER_SEARCH_PATHS</key>
				<string>vendor/pjsip-include</string>
				<key>LIBRARY_SEARCH_PATHS</key>
				<array>
					<string>$(inherited)</string>
					<string>$(PROJECT_DIR)/vendor</string>
				</array>
				<key>PRODUCT_NAME</key>
				<string>$(TARGET_NAME)</string>
				<key>STRIP_INSTALLED_PRODUCT</key>
				<string>NO</string>
				<key>STRIP_STYLE</key>
				<string>non-global</string>
			</dict>
			<key>isa</key>
			<string>XCBuildConfiguration</string>
			<key>name</key>
			<string>Debug</string>
		</dict>
		<key>E78E570C1CC7B50900FDA80D</key>
		<dict>
			<key>buildSettings</key>
			<dict>
				<key>GCC_PREPROCESSOR_DEFINITIONS</key>
				<string>PJ_AUTOCONF=1</string>
				<key>HEADER_SEARCH_PATHS</key>
				<string>vendor/pjsip-include</string>
				<key>LIBRARY_SEARCH_PATHS</key>
				<array>
					<string>$(inherited)</string>
					<string>$(PROJECT_DIR)/vendor</string>
				</array>
				<key>PRODUCT_NAME</key>
				<string>$(TARGET_NAME)</string>
				<key>STRIP_INSTALLED_PRODUCT</key>
				<string>NO</string>
				<key>STRIP_STYLE</key>
				<string>non-global</string>
			</dict>
			<key>isa</key>
			<string>XCBuildConfiguration</string>
			<key>name</key>
			<string>Release</string>
		</dict>
		<key>E78E586D1CC7B62300FDA80D</key>
		<dict>
			<key>fileEncoding</key>
			<string>4</string>
			<key>isa</key>
			<string>PBXFileReference</string>
			<key>lastKnownFileType</key>
			<string>sourcecode.cpp.objcpp</string>
			<key>path</key>
			<string>SBSAccount.mm</string>
			<key>sourceTree</key>
			<string>&lt;group&gt;</string>
		</dict>
		<key>E78E586E1CC7B62300FDA80D</key>
		<dict>
			<key>fileRef</key>
			<string>E78E586D1CC7B62300FDA80D</string>
			<key>isa</key>
			<string>PBXBuildFile</string>
		</dict>
		<key>E78E586F1CC7B63200FDA80D</key>
		<dict>
			<key>isa</key>
			<string>PBXFileReference</string>
			<key>lastKnownFileType</key>
			<string>sourcecode.c.h</string>
			<key>path</key>
			<string>SBSAccount.h</string>
			<key>sourceTree</key>
			<string>&lt;group&gt;</string>
		</dict>
		<key>E78E58821CC7B98300FDA80D</key>
		<dict>
			<key>children</key>
			<array>
				<string>E78E58831CC7B99700FDA80D</string>
				<string>E78E58841CC7B99700FDA80D</string>
				<string>E78E58861CC7BACA00FDA80D</string>
				<string>E78E58871CC7BACA00FDA80D</string>
				<string>E78E58891CC7BC1700FDA80D</string>
				<string>E78E588A1CC7BC1700FDA80D</string>
			</array>
			<key>isa</key>
			<string>PBXGroup</string>
			<key>path</key>
			<string>Configuration</string>
			<key>sourceTree</key>
			<string>&lt;group&gt;</string>
		</dict>
		<key>E78E58831CC7B99700FDA80D</key>
		<dict>
			<key>fileEncoding</key>
			<string>4</string>
			<key>isa</key>
			<string>PBXFileReference</string>
			<key>lastKnownFileType</key>
			<string>sourcecode.c.h</string>
			<key>path</key>
			<string>SBSAccountConfiguration.h</string>
			<key>sourceTree</key>
			<string>&lt;group&gt;</string>
		</dict>
		<key>E78E58841CC7B99700FDA80D</key>
		<dict>
			<key>fileEncoding</key>
			<string>4</string>
			<key>isa</key>
			<string>PBXFileReference</string>
			<key>lastKnownFileType</key>
			<string>sourcecode.c.objc</string>
			<key>path</key>
			<string>SBSAccountConfiguration.m</string>
			<key>sourceTree</key>
			<string>&lt;group&gt;</string>
		</dict>
		<key>E78E58851CC7B99700FDA80D</key>
		<dict>
			<key>fileRef</key>
			<string>E78E58841CC7B99700FDA80D</string>
			<key>isa</key>
			<string>PBXBuildFile</string>
		</dict>
		<key>E78E58861CC7BACA00FDA80D</key>
		<dict>
			<key>fileEncoding</key>
			<string>4</string>
			<key>isa</key>
			<string>PBXFileReference</string>
			<key>lastKnownFileType</key>
			<string>sourcecode.c.h</string>
			<key>path</key>
			<string>SBSEndpointConfiguration.h</string>
			<key>sourceTree</key>
			<string>&lt;group&gt;</string>
		</dict>
		<key>E78E58871CC7BACA00FDA80D</key>
		<dict>
			<key>fileEncoding</key>
			<string>4</string>
			<key>isa</key>
			<string>PBXFileReference</string>
			<key>lastKnownFileType</key>
			<string>sourcecode.c.objc</string>
			<key>path</key>
			<string>SBSEndpointConfiguration.m</string>
			<key>sourceTree</key>
			<string>&lt;group&gt;</string>
		</dict>
		<key>E78E58881CC7BACA00FDA80D</key>
		<dict>
			<key>fileRef</key>
			<string>E78E58871CC7BACA00FDA80D</string>
			<key>isa</key>
			<string>PBXBuildFile</string>
		</dict>
		<key>E78E58891CC7BC1700FDA80D</key>
		<dict>
			<key>fileEncoding</key>
			<string>4</string>
			<key>isa</key>
			<string>PBXFileReference</string>
			<key>lastKnownFileType</key>
			<string>sourcecode.c.h</string>
			<key>path</key>
			<string>SBSTransportConfiguration.h</string>
			<key>sourceTree</key>
			<string>&lt;group&gt;</string>
		</dict>
		<key>E78E588A1CC7BC1700FDA80D</key>
		<dict>
			<key>fileEncoding</key>
			<string>4</string>
			<key>isa</key>
			<string>PBXFileReference</string>
			<key>lastKnownFileType</key>
			<string>sourcecode.c.objc</string>
			<key>path</key>
			<string>SBSTransportConfiguration.m</string>
			<key>sourceTree</key>
			<string>&lt;group&gt;</string>
		</dict>
		<key>E78E588B1CC7BC1700FDA80D</key>
		<dict>
			<key>fileRef</key>
			<string>E78E588A1CC7BC1700FDA80D</string>
			<key>isa</key>
			<string>PBXBuildFile</string>
		</dict>
		<key>E78E588C1CC7C06000FDA80D</key>
		<dict>
			<key>children</key>
			<array>
				<string>E78E58901CC7C97000FDA80D</string>
				<string>E78E58911CC7C97000FDA80D</string>
				<string>E78E588D1CC7C07500FDA80D</string>
				<string>E78E588E1CC7C07500FDA80D</string>
			</array>
			<key>isa</key>
			<string>PBXGroup</string>
			<key>path</key>
			<string>Categories</string>
			<key>sourceTree</key>
			<string>&lt;group&gt;</string>
		</dict>
		<key>E78E588D1CC7C07500FDA80D</key>
		<dict>
			<key>fileEncoding</key>
			<string>4</string>
			<key>isa</key>
			<string>PBXFileReference</string>
			<key>lastKnownFileType</key>
			<string>sourcecode.c.h</string>
			<key>path</key>
			<string>NSString+PJString.h</string>
			<key>sourceTree</key>
			<string>&lt;group&gt;</string>
		</dict>
		<key>E78E588E1CC7C07500FDA80D</key>
		<dict>
			<key>fileEncoding</key>
			<string>4</string>
			<key>isa</key>
			<string>PBXFileReference</string>
			<key>lastKnownFileType</key>
			<string>sourcecode.c.objc</string>
			<key>path</key>
			<string>NSString+PJString.m</string>
			<key>sourceTree</key>
			<string>&lt;group&gt;</string>
		</dict>
		<key>E78E588F1CC7C07500FDA80D</key>
		<dict>
			<key>fileRef</key>
			<string>E78E588E1CC7C07500FDA80D</string>
			<key>isa</key>
			<string>PBXBuildFile</string>
		</dict>
		<key>E78E58901CC7C97000FDA80D</key>
		<dict>
			<key>fileEncoding</key>
			<string>4</string>
			<key>isa</key>
			<string>PBXFileReference</string>
			<key>lastKnownFileType</key>
			<string>sourcecode.c.h</string>
			<key>path</key>
			<string>NSError+SipperError.h</string>
			<key>sourceTree</key>
			<string>&lt;group&gt;</string>
		</dict>
		<key>E78E58911CC7C97000FDA80D</key>
		<dict>
			<key>fileEncoding</key>
			<string>4</string>
			<key>isa</key>
			<string>PBXFileReference</string>
			<key>lastKnownFileType</key>
			<string>sourcecode.c.objc</string>
			<key>path</key>
			<string>NSError+SipperError.m</string>
			<key>sourceTree</key>
			<string>&lt;group&gt;</string>
		</dict>
		<key>E78E58921CC7C97000FDA80D</key>
		<dict>
			<key>fileRef</key>
			<string>E78E58911CC7C97000FDA80D</string>
			<key>isa</key>
			<string>PBXBuildFile</string>
		</dict>
		<key>E79D73D21CC9939D00400F86</key>
		<dict>
			<key>children</key>
			<array>
				<string>E79D73D31CC993B300400F86</string>
				<string>E79D73D41CC993B300400F86</string>
				<string>E79D73D61CC9953800400F86</string>
				<string>E79D73D71CC9953800400F86</string>
			</array>
			<key>isa</key>
			<string>PBXGroup</string>
			<key>name</key>
			<string>Model</string>
			<key>path</key>
			<string>Model</string>
			<key>sourceTree</key>
			<string>&lt;group&gt;</string>
		</dict>
		<key>E79D73D31CC993B300400F86</key>
		<dict>
			<key>fileEncoding</key>
			<string>4</string>
			<key>isa</key>
			<string>PBXFileReference</string>
			<key>lastKnownFileType</key>
			<string>sourcecode.c.h</string>
			<key>path</key>
			<string>SBSNameAddressPair.h</string>
			<key>sourceTree</key>
			<string>&lt;group&gt;</string>
		</dict>
		<key>E79D73D41CC993B300400F86</key>
		<dict>
			<key>fileEncoding</key>
			<string>4</string>
			<key>isa</key>
			<string>PBXFileReference</string>
			<key>lastKnownFileType</key>
			<string>sourcecode.c.objc</string>
			<key>path</key>
			<string>SBSNameAddressPair.m</string>
			<key>sourceTree</key>
			<string>&lt;group&gt;</string>
		</dict>
		<key>E79D73D51CC993B300400F86</key>
		<dict>
			<key>fileRef</key>
			<string>E79D73D41CC993B300400F86</string>
			<key>isa</key>
			<string>PBXBuildFile</string>
		</dict>
		<key>E79D73D61CC9953800400F86</key>
		<dict>
			<key>fileEncoding</key>
			<string>4</string>
			<key>isa</key>
			<string>PBXFileReference</string>
			<key>lastKnownFileType</key>
			<string>sourcecode.c.h</string>
			<key>path</key>
			<string>SBSSipURI.h</string>
			<key>sourceTree</key>
			<string>&lt;group&gt;</string>
		</dict>
		<key>E79D73D71CC9953800400F86</key>
		<dict>
			<key>fileEncoding</key>
			<string>4</string>
			<key>isa</key>
			<string>PBXFileReference</string>
			<key>lastKnownFileType</key>
			<string>sourcecode.c.objc</string>
			<key>path</key>
			<string>SBSSipURI.m</string>
			<key>sourceTree</key>
			<string>&lt;group&gt;</string>
		</dict>
		<key>E79D73D81CC9953800400F86</key>
		<dict>
			<key>fileRef</key>
			<string>E79D73D71CC9953800400F86</string>
			<key>isa</key>
			<string>PBXBuildFile</string>
		</dict>
		<key>E7B0A7181CC8634D00E93EB1</key>
		<dict>
			<key>buildActionMask</key>
			<string>2147483647</string>
			<key>files</key>
			<array/>
			<key>inputPaths</key>
			<array>
				<string></string>
				<string>$(SRCROOT)/build.sh</string>
			</array>
			<key>isa</key>
			<string>PBXShellScriptBuildPhase</string>
			<key>outputPaths</key>
			<array>
				<string>$(SRCROOT)/vendor/libPjsip.a</string>
				<string>$(SRCROOT)/vendor/pjsip-include</string>
			</array>
			<key>runOnlyForDeploymentPostprocessing</key>
			<string>0</string>
			<key>shellPath</key>
			<string>/bin/sh</string>
			<key>shellScript</key>
			<string>exit
$SRCROOT/build.sh complete</string>
		</dict>
		<key>E7CDED051CC810110007C4E5</key>
		<dict>
			<key>isa</key>
			<string>PBXFileReference</string>
			<key>lastKnownFileType</key>
			<string>archive.ar</string>
			<key>name</key>
			<string>libPjsip.a</string>
			<key>path</key>
			<string>vendor/libPjsip.a</string>
			<key>sourceTree</key>
			<string>&lt;group&gt;</string>
		</dict>
		<key>E7CDED061CC810110007C4E5</key>
		<dict>
			<key>fileRef</key>
			<string>E7CDED051CC810110007C4E5</string>
			<key>isa</key>
			<string>PBXBuildFile</string>
		</dict>
		<key>E7CDED141CC815730007C4E5</key>
		<dict>
			<key>fileEncoding</key>
			<string>4</string>
			<key>isa</key>
			<string>PBXFileReference</string>
			<key>lastKnownFileType</key>
			<string>sourcecode.c.h</string>
			<key>path</key>
			<string>SBSEndpoint.h</string>
			<key>sourceTree</key>
			<string>&lt;group&gt;</string>
		</dict>
		<key>E7CDED151CC815730007C4E5</key>
		<dict>
			<key>fileEncoding</key>
			<string>4</string>
			<key>isa</key>
			<string>PBXFileReference</string>
			<key>lastKnownFileType</key>
			<string>sourcecode.cpp.objcpp</string>
			<key>path</key>
			<string>SBSEndpoint.mm</string>
			<key>sourceTree</key>
			<string>&lt;group&gt;</string>
		</dict>
		<key>E7CDED161CC815730007C4E5</key>
		<dict>
			<key>fileRef</key>
			<string>E7CDED151CC815730007C4E5</string>
			<key>isa</key>
			<string>PBXBuildFile</string>
		</dict>
		<key>E7CDED1D1CC81AF90007C4E5</key>
		<dict>
			<key>isa</key>
			<string>PBXFileReference</string>
			<key>lastKnownFileType</key>
			<string>wrapper.framework</string>
			<key>name</key>
			<string>CoreAudio.framework</string>
			<key>path</key>
			<string>System/Library/Frameworks/CoreAudio.framework</string>
			<key>sourceTree</key>
			<string>SDKROOT</string>
		</dict>
		<key>E7CDED1E1CC81AF90007C4E5</key>
		<dict>
			<key>fileRef</key>
			<string>E7CDED1D1CC81AF90007C4E5</string>
			<key>isa</key>
			<string>PBXBuildFile</string>
		</dict>
		<key>E7CDED1F1CC81B200007C4E5</key>
		<dict>
			<key>isa</key>
			<string>PBXFileReference</string>
			<key>lastKnownFileType</key>
			<string>wrapper.framework</string>
			<key>name</key>
			<string>AudioToolbox.framework</string>
			<key>path</key>
			<string>System/Library/Frameworks/AudioToolbox.framework</string>
			<key>sourceTree</key>
			<string>SDKROOT</string>
		</dict>
		<key>E7CDED201CC81B200007C4E5</key>
		<dict>
			<key>fileRef</key>
			<string>E7CDED1F1CC81B200007C4E5</string>
			<key>isa</key>
			<string>PBXBuildFile</string>
		</dict>
		<key>E7CDED211CC81B230007C4E5</key>
		<dict>
			<key>isa</key>
			<string>PBXFileReference</string>
			<key>lastKnownFileType</key>
			<string>wrapper.framework</string>
			<key>name</key>
			<string>CFNetwork.framework</string>
			<key>path</key>
			<string>System/Library/Frameworks/CFNetwork.framework</string>
			<key>sourceTree</key>
			<string>SDKROOT</string>
		</dict>
		<key>E7CDED221CC81B230007C4E5</key>
		<dict>
			<key>fileRef</key>
			<string>E7CDED211CC81B230007C4E5</string>
			<key>isa</key>
			<string>PBXBuildFile</string>
		</dict>
		<key>E7CDED2B1CC8229B0007C4E5</key>
		<dict>
			<key>buildConfigurationList</key>
			<string>E7CDED2C1CC8229B0007C4E5</string>
			<key>buildPhases</key>
			<array>
				<string>E7CDED2F1CC822C30007C4E5</string>
				<string>E7CDED301CC823CE0007C4E5</string>
			</array>
			<key>dependencies</key>
			<array/>
			<key>isa</key>
			<string>PBXAggregateTarget</string>
			<key>name</key>
			<string>SipperUniversal</string>
			<key>productName</key>
			<string>SipperUniversal</string>
		</dict>
		<key>E7CDED2C1CC8229B0007C4E5</key>
		<dict>
			<key>buildConfigurations</key>
			<array>
				<string>E7CDED2D1CC8229B0007C4E5</string>
				<string>E7CDED2E1CC8229B0007C4E5</string>
			</array>
			<key>defaultConfigurationIsVisible</key>
			<string>0</string>
			<key>defaultConfigurationName</key>
			<string>Release</string>
			<key>isa</key>
			<string>XCConfigurationList</string>
		</dict>
		<key>E7CDED2D1CC8229B0007C4E5</key>
		<dict>
			<key>buildSettings</key>
			<dict>
				<key>PRODUCT_NAME</key>
				<string>$(TARGET_NAME)</string>
			</dict>
			<key>isa</key>
			<string>XCBuildConfiguration</string>
			<key>name</key>
			<string>Debug</string>
		</dict>
		<key>E7CDED2E1CC8229B0007C4E5</key>
		<dict>
			<key>buildSettings</key>
			<dict>
				<key>PRODUCT_NAME</key>
				<string>$(TARGET_NAME)</string>
			</dict>
			<key>isa</key>
			<string>XCBuildConfiguration</string>
			<key>name</key>
			<string>Release</string>
		</dict>
		<key>E7CDED2F1CC822C30007C4E5</key>
		<dict>
			<key>buildActionMask</key>
			<string>12</string>
			<key>files</key>
			<array/>
			<key>inputPaths</key>
			<array/>
			<key>isa</key>
			<string>PBXShellScriptBuildPhase</string>
			<key>outputPaths</key>
			<array/>
			<key>runOnlyForDeploymentPostprocessing</key>
			<string>0</string>
			<key>shellPath</key>
			<string>/bin/sh</string>
			<key>shellScript</key>
			<string># define output folder environment variable
UNIVERSAL_OUTPUTFOLDER=${BUILD_DIR}/${CONFIGURATION}-universal

# Step 1. Build Device and Simulator versions
xcodebuild -target Sipper ONLY_ACTIVE_ARCH=NO ARCHS="armv7 armv7s arm64" -configuration ${CONFIGURATION} -sdk iphoneos  BUILD_DIR="${BUILD_DIR}" BUILD_ROOT="${BUILD_ROOT}"
xcodebuild -target Sipper ONLY_ACTIVE_ARCH=NO ARCHS="i386 x86_64" -configuration ${CONFIGURATION} -sdk iphonesimulator BUILD_DIR="${BUILD_DIR}" BUILD_ROOT="${BUILD_ROOT}"

# make sure the output directory exists
mkdir -p "${UNIVERSAL_OUTPUTFOLDER}"

# Step 2. Create universal binary file using lipo
lipo -create -output "${UNIVERSAL_OUTPUTFOLDER}/lib${PROJECT_NAME}.a" "${BUILD_DIR}/${CONFIGURATION}-iphoneos/lib${PROJECT_NAME}.a" "${BUILD_DIR}/${CONFIGURATION}-iphonesimulator/lib${PROJECT_NAME}.a"

# Last touch. copy the header files. Just for convenience
cp -R "${BUILD_DIR}/${CONFIGURATION}-iphoneos/include" "${UNIVERSAL_OUTPUTFOLDER}/"</string>
		</dict>
		<key>E7CDED301CC823CE0007C4E5</key>
		<dict>
			<key>buildActionMask</key>
			<string>8</string>
			<key>files</key>
			<array/>
			<key>inputPaths</key>
			<array/>
			<key>isa</key>
			<string>PBXShellScriptBuildPhase</string>
			<key>outputPaths</key>
			<array/>
			<key>runOnlyForDeploymentPostprocessing</key>
			<string>1</string>
			<key>shellPath</key>
			<string>/bin/sh</string>
			<key>shellScript</key>
			<string>UNIVERSAL_OUTPUTFOLDER=${BUILD_DIR}/${CONFIGURATION}-universal
cp "${UNIVERSAL_OUTPUTFOLDER}/lib${PROJECT_NAME}.a" "${INSTALL_DIR}"</string>
		</dict>
	</dict>
	<key>rootObject</key>
	<string>E78E56F91CC7B50900FDA80D</string>
</dict>
</plist>
